
Microsoft Visual Studio Solution File, Format Version 12.00
# Visual Studio Version 17
VisualStudioVersion = 17.14.36202.13 d17.14
MinimumVisualStudioVersion = 10.0.40219.1
Project("{FAE04EC0-301F-11D3-BF4B-00C04F79EFBC}") = "TesterApp", "TesterApp\TesterApp.csproj", "{2AEDDE05-5122-4759-B5DD-213EBEDED035}"
EndProject
Project("{FAE04EC0-301F-11D3-BF4B-00C04F79EFBC}") = "FileHandler", "FileHandler\FileHandler.csproj", "{2860AAA6-D548-497C-A1AC-6EC9365DD1AC}"
EndProject
Project("{FAE04EC0-301F-11D3-BF4B-00C04F79EFBC}") = "GeneralInformation", "GeneralInformation\GeneralInformation.csproj", "{DF71BAE4-896C-46D8-9206-D1C8C1179562}"
EndProject
Project("{FAE04EC0-301F-11D3-BF4B-00C04F79EFBC}") = "QuestionHandler", "QuestionHandler\QuestionHandler.csproj", "{E9B9BADF-84A6-4647-8E92-57444F370C52}"
EndProject
Global
	GlobalSection(SolutionConfigurationPlatforms) = preSolution
		Debug|Any CPU = Debug|Any CPU
		Release|Any CPU = Release|Any CPU
	EndGlobalSection
	GlobalSection(ProjectConfigurationPlatforms) = postSolution
		{2AEDDE05-5122-4759-B5DD-213EBEDED035}.Debug|Any CPU.ActiveCfg = Debug|Any CPU
		{2AEDDE05-5122-4759-B5DD-213EBEDED035}.Debug|Any CPU.Build.0 = Debug|Any CPU
		{2AEDDE05-5122-4759-B5DD-213EBEDED035}.Release|Any CPU.ActiveCfg = Release|Any CPU
		{2AEDDE05-5122-4759-B5DD-213EBEDED035}.Release|Any CPU.Build.0 = Release|Any CPU
		{2860AAA6-D548-497C-A1AC-6EC9365DD1AC}.Debug|Any CPU.ActiveCfg = Debug|Any CPU
		{2860AAA6-D548-497C-A1AC-6EC9365DD1AC}.Debug|Any CPU.Build.0 = Debug|Any CPU
		{2860AAA6-D548-497C-A1AC-6EC9365DD1AC}.Release|Any CPU.ActiveCfg = Release|Any CPU
		{2860AAA6-D548-497C-A1AC-6EC9365DD1AC}.Release|Any CPU.Build.0 = Release|Any CPU
		{DF71BAE4-896C-46D8-9206-D1C8C1179562}.Debug|Any CPU.ActiveCfg = Debug|Any CPU
		{DF71BAE4-896C-46D8-9206-D1C8C1179562}.Debug|Any CPU.Build.0 = Debug|Any CPU
		{DF71BAE4-896C-46D8-9206-D1C8C1179562}.Release|Any CPU.ActiveCfg = Release|Any CPU
		{DF71BAE4-896C-46D8-9206-D1C8C1179562}.Release|Any CPU.Build.0 = Release|Any CPU
		{E9B9BADF-84A6-4647-8E92-57444F370C52}.Debug|Any CPU.ActiveCfg = Debug|Any CPU
		{E9B9BADF-84A6-4647-8E92-57444F370C52}.Debug|Any CPU.Build.0 = Debug|Any CPU
		{E9B9BADF-84A6-4647-8E92-57444F370C52}.Release|Any CPU.ActiveCfg = Release|Any CPU
		{E9B9BADF-84A6-4647-8E92-57444F370C52}.Release|Any CPU.Build.0 = Release|Any CPU
	EndGlobalSection
	GlobalSection(SolutionProperties) = preSolution
		HideSolutionNode = FALSE
	EndGlobalSection
	GlobalSection(ExtensibilityGlobals) = postSolution
		SolutionGuid = {0E3F3AEE-5C36-4EFF-8240-695F1C31F213}
	EndGlobalSection
EndGlobal
